
Microsoft Visual Studio Solution File, Format Version 12.00
# Visual Studio Version 16
VisualStudioVersion = 16.0.29201.188
MinimumVisualStudioVersion = 10.0.40219.1
Project("{FAE04EC0-301F-11D3-BF4B-00C04F79EFBC}") = "LesApp0", "LesApp0\LesApp0.csproj", "{5B68676B-6742-4416-B6DF-13146C060067}"
EndProject
Project("{FAE04EC0-301F-11D3-BF4B-00C04F79EFBC}") = "LesApp1", "LesApp1\LesApp1.csproj", "{BEF2962B-9258-4FB1-8D20-07A3065AA57D}"
EndProject
Project("{FAE04EC0-301F-11D3-BF4B-00C04F79EFBC}") = "LesApp2", "LesApp2\LesApp2.csproj", "{7D33B238-0AB5-469A-91A8-80454A9C82D4}"
EndProject
Global
	GlobalSection(SolutionConfigurationPlatforms) = preSolution
		Debug|Any CPU = Debug|Any CPU
		Release|Any CPU = Release|Any CPU
	EndGlobalSection
	GlobalSection(ProjectConfigurationPlatforms) = postSolution
		{5B68676B-6742-4416-B6DF-13146C060067}.Debug|Any CPU.ActiveCfg = Debug|Any CPU
		{5B68676B-6742-4416-B6DF-13146C060067}.Debug|Any CPU.Build.0 = Debug|Any CPU
		{5B68676B-6742-4416-B6DF-13146C060067}.Release|Any CPU.ActiveCfg = Release|Any CPU
		{5B68676B-6742-4416-B6DF-13146C060067}.Release|Any CPU.Build.0 = Release|Any CPU
		{BEF2962B-9258-4FB1-8D20-07A3065AA57D}.Debug|Any CPU.ActiveCfg = Debug|Any CPU
		{BEF2962B-9258-4FB1-8D20-07A3065AA57D}.Debug|Any CPU.Build.0 = Debug|Any CPU
		{BEF2962B-9258-4FB1-8D20-07A3065AA57D}.Release|Any CPU.ActiveCfg = Release|Any CPU
		{BEF2962B-9258-4FB1-8D20-07A3065AA57D}.Release|Any CPU.Build.0 = Release|Any CPU
		{7D33B238-0AB5-469A-91A8-80454A9C82D4}.Debug|Any CPU.ActiveCfg = Debug|Any CPU
		{7D33B238-0AB5-469A-91A8-80454A9C82D4}.Debug|Any CPU.Build.0 = Debug|Any CPU
		{7D33B238-0AB5-469A-91A8-80454A9C82D4}.Release|Any CPU.ActiveCfg = Release|Any CPU
		{7D33B238-0AB5-469A-91A8-80454A9C82D4}.Release|Any CPU.Build.0 = Release|Any CPU
	EndGlobalSection
	GlobalSection(SolutionProperties) = preSolution
		HideSolutionNode = FALSE
	EndGlobalSection
	GlobalSection(ExtensibilityGlobals) = postSolution
		SolutionGuid = {476EE23E-1CE1-4802-992B-94FECF9E955A}
	EndGlobalSection
EndGlobal
